
Microsoft Visual Studio Solution File, Format Version 12.00
# Visual Studio Version 17
VisualStudioVersion = 17.5.002.0
MinimumVisualStudioVersion = 10.0.40219.1
Project("{9A19103F-16F7-4668-BE54-9A1E7A4F7556}") = "SesionWorkshop", "SesionWorkshop.csproj", "{A94D57DE-B00A-4E8B-AD69-2E42962FD384}"
EndProject
Global
	GlobalSection(SolutionConfigurationPlatforms) = preSolution
		Debug|Any CPU = Debug|Any CPU
		Release|Any CPU = Release|Any CPU
	EndGlobalSection
	GlobalSection(ProjectConfigurationPlatforms) = postSolution
		{A94D57DE-B00A-4E8B-AD69-2E42962FD384}.Debug|Any CPU.ActiveCfg = Debug|Any CPU
		{A94D57DE-B00A-4E8B-AD69-2E42962FD384}.Debug|Any CPU.Build.0 = Debug|Any CPU
		{A94D57DE-B00A-4E8B-AD69-2E42962FD384}.Release|Any CPU.ActiveCfg = Release|Any CPU
		{A94D57DE-B00A-4E8B-AD69-2E42962FD384}.Release|Any CPU.Build.0 = Release|Any CPU
	EndGlobalSection
	GlobalSection(SolutionProperties) = preSolution
		HideSolutionNode = FALSE
	EndGlobalSection
	GlobalSection(ExtensibilityGlobals) = postSolution
		SolutionGuid = {8B56C618-CAB6-4A67-BA51-8A9E7912130D}
	EndGlobalSection
EndGlobal
